// !$*UTF8*$!
{
	archiveVersion = 1;
	classes = {
	};
	objectVersion = 56;
	objects = {

/* Begin PBXBuildFile section */
		006A33BC2AEA4A3700306822 /* SweaterShopDemoApp.swift in Sources */ = {isa = PBXBuildFile; fileRef = 006A33BB2AEA4A3700306822 /* SweaterShopDemoApp.swift */; };
		006A33BE2AEA4A3700306822 /* ContentView.swift in Sources */ = {isa = PBXBuildFile; fileRef = 006A33BD2AEA4A3700306822 /* ContentView.swift */; };
		006A33C02AEA4A3B00306822 /* Assets.xcassets in Resources */ = {isa = PBXBuildFile; fileRef = 006A33BF2AEA4A3B00306822 /* Assets.xcassets */; };
		006A33C32AEA4A3B00306822 /* Preview Assets.xcassets in Resources */ = {isa = PBXBuildFile; fileRef = 006A33C22AEA4A3B00306822 /* Preview Assets.xcassets */; };
		006A33CB2AEA4B6400306822 /* Product.swift in Sources */ = {isa = PBXBuildFile; fileRef = 006A33CA2AEA4B6300306822 /* Product.swift */; };
		006A33CE2AEA4D3100306822 /* ProductCard.swift in Sources */ = {isa = PBXBuildFile; fileRef = 006A33CD2AEA4D3100306822 /* ProductCard.swift */; };
		006A33D12AEA581400306822 /* CartButton.swift in Sources */ = {isa = PBXBuildFile; fileRef = 006A33D02AEA581400306822 /* CartButton.swift */; };
		006A33D32AEA5B1500306822 /* CartView.swift in Sources */ = {isa = PBXBuildFile; fileRef = 006A33D22AEA5B1500306822 /* CartView.swift */; };
		006A33D52AEA5C8F00306822 /* CartManager.swift in Sources */ = {isa = PBXBuildFile; fileRef = 006A33D42AEA5C8F00306822 /* CartManager.swift */; };
		006A33D72AEA608800306822 /* ProductRow.swift in Sources */ = {isa = PBXBuildFile; fileRef = 006A33D62AEA608800306822 /* ProductRow.swift */; };
/* End PBXBuildFile section */

/* Begin PBXFileReference section */
		006A33B82AEA4A3700306822 /* SweaterShopDemo.app */ = {isa = PBXFileReference; explicitFileType = wrapper.application; includeInIndex = 0; path = SweaterShopDemo.app; sourceTree = BUILT_PRODUCTS_DIR; };
		006A33BB2AEA4A3700306822 /* SweaterShopDemoApp.swift */ = {isa = PBXFileReference; lastKnownFileType = sourcecode.swift; path = SweaterShopDemoApp.swift; sourceTree = "<group>"; };
		006A33BD2AEA4A3700306822 /* ContentView.swift */ = {isa = PBXFileReference; lastKnownFileType = sourcecode.swift; path = ContentView.swift; sourceTree = "<group>"; };
		006A33BF2AEA4A3B00306822 /* Assets.xcassets */ = {isa = PBXFileReference; lastKnownFileType = folder.assetcatalog; path = Assets.xcassets; sourceTree = "<group>"; };
		006A33C22AEA4A3B00306822 /* Preview Assets.xcassets */ = {isa = PBXFileReference; lastKnownFileType = folder.assetcatalog; path = "Preview Assets.xcassets"; sourceTree = "<group>"; };
		006A33CA2AEA4B6300306822 /* Product.swift */ = {isa = PBXFileReference; lastKnownFileType = sourcecode.swift; path = Product.swift; sourceTree = "<group>"; };
		006A33CD2AEA4D3100306822 /* ProductCard.swift */ = {isa = PBXFileReference; lastKnownFileType = sourcecode.swift; path = ProductCard.swift; sourceTree = "<group>"; };
		006A33D02AEA581400306822 /* CartButton.swift */ = {isa = PBXFileReference; lastKnownFileType = sourcecode.swift; path = CartButton.swift; sourceTree = "<group>"; };
		006A33D22AEA5B1500306822 /* CartView.swift */ = {isa = PBXFileReference; lastKnownFileType = sourcecode.swift; path = CartView.swift; sourceTree = "<group>"; };
		006A33D42AEA5C8F00306822 /* CartManager.swift */ = {isa = PBXFileReference; lastKnownFileType = sourcecode.swift; path = CartManager.swift; sourceTree = "<group>"; };
		006A33D62AEA608800306822 /* ProductRow.swift */ = {isa = PBXFileReference; lastKnownFileType = sourcecode.swift; path = ProductRow.swift; sourceTree = "<group>"; };
/* End PBXFileReference section */

/* Begin PBXFrameworksBuildPhase section */
		006A33B52AEA4A3700306822 /* Frameworks */ = {
			isa = PBXFrameworksBuildPhase;
			buildActionMask = 2147483647;
			files = (
			);
			runOnlyForDeploymentPostprocessing = 0;
		};
/* End PBXFrameworksBuildPhase section */

/* Begin PBXGroup section */
		006A33AF2AEA4A3700306822 = {
			isa = PBXGroup;
			children = (
				006A33BA2AEA4A3700306822 /* SweaterShopDemo */,
				006A33B92AEA4A3700306822 /* Products */,
			);
			sourceTree = "<group>";
		};
		006A33B92AEA4A3700306822 /* Products */ = {
			isa = PBXGroup;
			children = (
				006A33B82AEA4A3700306822 /* SweaterShopDemo.app */,
			);
			name = Products;
			sourceTree = "<group>";
		};
		006A33BA2AEA4A3700306822 /* SweaterShopDemo */ = {
			isa = PBXGroup;
			children = (
				006A33BB2AEA4A3700306822 /* SweaterShopDemoApp.swift */,
				006A33CF2AEA547F00306822 /* View */,
				006A33CC2AEA4CFC00306822 /* Components */,
				006A33C92AEA4B2900306822 /* Models */,
				006A33BF2AEA4A3B00306822 /* Assets.xcassets */,
				006A33C12AEA4A3B00306822 /* Preview Content */,
				006A33D42AEA5C8F00306822 /* CartManager.swift */,
			);
			path = SweaterShopDemo;
			sourceTree = "<group>";
		};
		006A33C12AEA4A3B00306822 /* Preview Content */ = {
			isa = PBXGroup;
			children = (
				006A33C22AEA4A3B00306822 /* Preview Assets.xcassets */,
			);
			path = "Preview Content";
			sourceTree = "<group>";
		};
		006A33C92AEA4B2900306822 /* Models */ = {
			isa = PBXGroup;
			children = (
				006A33CA2AEA4B6300306822 /* Product.swift */,
			);
			path = Models;
			sourceTree = "<group>";
		};
		006A33CC2AEA4CFC00306822 /* Components */ = {
			isa = PBXGroup;
			children = (
				006A33CD2AEA4D3100306822 /* ProductCard.swift */,
				006A33D02AEA581400306822 /* CartButton.swift */,
				006A33D62AEA608800306822 /* ProductRow.swift */,
			);
			path = Components;
			sourceTree = "<group>";
		};
		006A33CF2AEA547F00306822 /* View */ = {
			isa = PBXGroup;
			children = (
				006A33BD2AEA4A3700306822 /* ContentView.swift */,
				006A33D22AEA5B1500306822 /* CartView.swift */,
			);
			path = View;
			sourceTree = "<group>";
		};
/* End PBXGroup section */

/* Begin PBXNativeTarget section */
		006A33B72AEA4A3700306822 /* SweaterShopDemo */ = {
			isa = PBXNativeTarget;
			buildConfigurationList = 006A33C62AEA4A3B00306822 /* Build configuration list for PBXNativeTarget "SweaterShopDemo" */;
			buildPhases = (
				006A33B42AEA4A3700306822 /* Sources */,
				006A33B52AEA4A3700306822 /* Frameworks */,
				006A33B62AEA4A3700306822 /* Resources */,
			);
			buildRules = (
			);
			dependencies = (
			);
			name = SweaterShopDemo;
			productName = SweaterShopDemo;
			productReference = 006A33B82AEA4A3700306822 /* SweaterShopDemo.app */;
			productType = "com.apple.product-type.application";
		};
/* End PBXNativeTarget section */

/* Begin PBXProject section */
		006A33B02AEA4A3700306822 /* Project object */ = {
			isa = PBXProject;
			attributes = {
				BuildIndependentTargetsInParallel = 1;
				LastSwiftUpdateCheck = 1500;
				LastUpgradeCheck = 1500;
				TargetAttributes = {
					006A33B72AEA4A3700306822 = {
						CreatedOnToolsVersion = 15.0;
					};
				};
			};
			buildConfigurationList = 006A33B32AEA4A3700306822 /* Build configuration list for PBXProject "SweaterShopDemo" */;
			compatibilityVersion = "Xcode 14.0";
			developmentRegion = en;
			hasScannedForEncodings = 0;
			knownRegions = (
				en,
				Base,
			);
			mainGroup = 006A33AF2AEA4A3700306822;
			productRefGroup = 006A33B92AEA4A3700306822 /* Products */;
			projectDirPath = "";
			projectRoot = "";
			targets = (
				006A33B72AEA4A3700306822 /* SweaterShopDemo */,
			);
		};
/* End PBXProject section */

/* Begin PBXResourcesBuildPhase section */
		006A33B62AEA4A3700306822 /* Resources */ = {
			isa = PBXResourcesBuildPhase;
			buildActionMask = 2147483647;
			files = (
				006A33C32AEA4A3B00306822 /* Preview Assets.xcassets in Resources */,
				006A33C02AEA4A3B00306822 /* Assets.xcassets in Resources */,
			);
			runOnlyForDeploymentPostprocessing = 0;
		};
/* End PBXResourcesBuildPhase section */

/* Begin PBXSourcesBuildPhase section */
		006A33B42AEA4A3700306822 /* Sources */ = {
			isa = PBXSourcesBuildPhase;
			buildActionMask = 2147483647;
			files = (
				006A33D32AEA5B1500306822 /* CartView.swift in Sources */,
				006A33BE2AEA4A3700306822 /* ContentView.swift in Sources */,
				006A33D52AEA5C8F00306822 /* CartManager.swift in Sources */,
				006A33BC2AEA4A3700306822 /* SweaterShopDemoApp.swift in Sources */,
				006A33D72AEA608800306822 /* ProductRow.swift in Sources */,
				006A33CB2AEA4B6400306822 /* Product.swift in Sources */,
				006A33CE2AEA4D3100306822 /* ProductCard.swift in Sources */,
				006A33D12AEA581400306822 /* CartButton.swift in Sources */,
			);
			runOnlyForDeploymentPostprocessing = 0;
		};
/* End PBXSourcesBuildPhase section */

/* Begin XCBuildConfiguration section */
		006A33C42AEA4A3B00306822 /* Debug */ = {
			isa = XCBuildConfiguration;
			buildSettings = {
				ALWAYS_SEARCH_USER_PATHS = NO;
				ASSETCATALOG_COMPILER_GENERATE_SWIFT_ASSET_SYMBOL_EXTENSIONS = YES;
				CLANG_ANALYZER_NONNULL = YES;
				CLANG_ANALYZER_NUMBER_OBJECT_CONVERSION = YES_AGGRESSIVE;
				CLANG_CXX_LANGUAGE_STANDARD = "gnu++20";
				CLANG_ENABLE_MODULES = YES;
				CLANG_ENABLE_OBJC_ARC = YES;
				CLANG_ENABLE_OBJC_WEAK = YES;
				CLANG_WARN_BLOCK_CAPTURE_AUTORELEASING = YES;
				CLANG_WARN_BOOL_CONVERSION = YES;
				CLANG_WARN_COMMA = YES;
				CLANG_WARN_CONSTANT_CONVERSION = YES;
				CLANG_WARN_DEPRECATED_OBJC_IMPLEMENTATIONS = YES;
				CLANG_WARN_DIRECT_OBJC_ISA_USAGE = YES_ERROR;
				CLANG_WARN_DOCUMENTATION_COMMENTS = YES;
				CLANG_WARN_EMPTY_BODY = YES;
				CLANG_WARN_ENUM_CONVERSION = YES;
				CLANG_WARN_INFINITE_RECURSION = YES;
				CLANG_WARN_INT_CONVERSION = YES;
				CLANG_WARN_NON_LITERAL_NULL_CONVERSION = YES;
				CLANG_WARN_OBJC_IMPLICIT_RETAIN_SELF = YES;
				CLANG_WARN_OBJC_LITERAL_CONVERSION = YES;
				CLANG_WARN_OBJC_ROOT_CLASS = YES_ERROR;
				CLANG_WARN_QUOTED_INCLUDE_IN_FRAMEWORK_HEADER = YES;
				CLANG_WARN_RANGE_LOOP_ANALYSIS = YES;
				CLANG_WARN_STRICT_PROTOTYPES = YES;
				CLANG_WARN_SUSPICIOUS_MOVE = YES;
				CLANG_WARN_UNGUARDED_AVAILABILITY = YES_AGGRESSIVE;
				CLANG_WARN_UNREACHABLE_CODE = YES;
				CLANG_WARN__DUPLICATE_METHOD_MATCH = YES;
				COPY_PHASE_STRIP = NO;
				DEBUG_INFORMATION_FORMAT = dwarf;
				ENABLE_STRICT_OBJC_MSGSEND = YES;
				ENABLE_TESTABILITY = YES;
				ENABLE_USER_SCRIPT_SANDBOXING = YES;
				GCC_C_LANGUAGE_STANDARD = gnu17;
				GCC_DYNAMIC_NO_PIC = NO;
				GCC_NO_COMMON_BLOCKS = YES;
				GCC_OPTIMIZATION_LEVEL = 0;
				GCC_PREPROCESSOR_DEFINITIONS = (
					"DEBUG=1",
					"$(inherited)",
				);
				GCC_WARN_64_TO_32_BIT_CONVERSION = YES;
				GCC_WARN_ABOUT_RETURN_TYPE = YES_ERROR;
				GCC_WARN_UNDECLARED_SELECTOR = YES;
				GCC_WARN_UNINITIALIZED_AUTOS = YES_AGGRESSIVE;
				GCC_WARN_UNUSED_FUNCTION = YES;
				GCC_WARN_UNUSED_VARIABLE = YES;
				IPHONEOS_DEPLOYMENT_TARGET = 17.0;
				LOCALIZATION_PREFERS_STRING_CATALOGS = YES;
				MTL_ENABLE_DEBUG_INFO = INCLUDE_SOURCE;
				MTL_FAST_MATH = YES;
				ONLY_ACTIVE_ARCH = YES;
				SDKROOT = iphoneos;
				SWIFT_ACTIVE_COMPILATION_CONDITIONS = "DEBUG $(inherited)";
				SWIFT_OPTIMIZATION_LEVEL = "-Onone";
			};
			name = Debug;
		};
		006A33C52AEA4A3B00306822 /* Release */ = {
			isa = XCBuildConfiguration;
			buildSettings = {
				ALWAYS_SEARCH_USER_PATHS = NO;
				ASSETCATALOG_COMPILER_GENERATE_SWIFT_ASSET_SYMBOL_EXTENSIONS = YES;
				CLANG_ANALYZER_NONNULL = YES;
				CLANG_ANALYZER_NUMBER_OBJECT_CONVERSION = YES_AGGRESSIVE;
				CLANG_CXX_LANGUAGE_STANDARD = "gnu++20";
				CLANG_ENABLE_MODULES = YES;
				CLANG_ENABLE_OBJC_ARC = YES;
				CLANG_ENABLE_OBJC_WEAK = YES;
				CLANG_WARN_BLOCK_CAPTURE_AUTORELEASING = YES;
				CLANG_WARN_BOOL_CONVERSION = YES;
				CLANG_WARN_COMMA = YES;
				CLANG_WARN_CONSTANT_CONVERSION = YES;
				CLANG_WARN_DEPRECATED_OBJC_IMPLEMENTATIONS = YES;
				CLANG_WARN_DIRECT_OBJC_ISA_USAGE = YES_ERROR;
				CLANG_WARN_DOCUMENTATION_COMMENTS = YES;
				CLANG_WARN_EMPTY_BODY = YES;
				CLANG_WARN_ENUM_CONVERSION = YES;
				CLANG_WARN_INFINITE_RECURSION = YES;
				CLANG_WARN_INT_CONVERSION = YES;
				CLANG_WARN_NON_LITERAL_NULL_CONVERSION = YES;
				CLANG_WARN_OBJC_IMPLICIT_RETAIN_SELF = YES;
				CLANG_WARN_OBJC_LITERAL_CONVERSION = YES;
				CLANG_WARN_OBJC_ROOT_CLASS = YES_ERROR;
				CLANG_WARN_QUOTED_INCLUDE_IN_FRAMEWORK_HEADER = YES;
				CLANG_WARN_RANGE_LOOP_ANALYSIS = YES;
				CLANG_WARN_STRICT_PROTOTYPES = YES;
				CLANG_WARN_SUSPICIOUS_MOVE = YES;
				CLANG_WARN_UNGUARDED_AVAILABILITY = YES_AGGRESSIVE;
				CLANG_WARN_UNREACHABLE_CODE = YES;
				CLANG_WARN__DUPLICATE_METHOD_MATCH = YES;
				COPY_PHASE_STRIP = NO;
				DEBUG_INFORMATION_FORMAT = "dwarf-with-dsym";
				ENABLE_NS_ASSERTIONS = NO;
				ENABLE_STRICT_OBJC_MSGSEND = YES;
				ENABLE_USER_SCRIPT_SANDBOXING = YES;
				GCC_C_LANGUAGE_STANDARD = gnu17;
				GCC_NO_COMMON_BLOCKS = YES;
				GCC_WARN_64_TO_32_BIT_CONVERSION = YES;
				GCC_WARN_ABOUT_RETURN_TYPE = YES_ERROR;
				GCC_WARN_UNDECLARED_SELECTOR = YES;
				GCC_WARN_UNINITIALIZED_AUTOS = YES_AGGRESSIVE;
				GCC_WARN_UNUSED_FUNCTION = YES;
				GCC_WARN_UNUSED_VARIABLE = YES;
				IPHONEOS_DEPLOYMENT_TARGET = 17.0;
				LOCALIZATION_PREFERS_STRING_CATALOGS = YES;
				MTL_ENABLE_DEBUG_INFO = NO;
				MTL_FAST_MATH = YES;
				SDKROOT = iphoneos;
				SWIFT_COMPILATION_MODE = wholemodule;
				VALIDATE_PRODUCT = YES;
			};
			name = Release;
		};
		006A33C72AEA4A3B00306822 /* Debug */ = {
			isa = XCBuildConfiguration;
			buildSettings = {
				ASSETCATALOG_COMPILER_APPICON_NAME = AppIcon;
				ASSETCATALOG_COMPILER_GLOBAL_ACCENT_COLOR_NAME = AccentColor;
				CODE_SIGN_STYLE = Automatic;
				CURRENT_PROJECT_VERSION = 1;
				DEVELOPMENT_ASSET_PATHS = "\"SweaterShopDemo/Preview Content\"";
				DEVELOPMENT_TEAM = CL454DM2WX;
				ENABLE_PREVIEWS = YES;
				GENERATE_INFOPLIST_FILE = YES;
				INFOPLIST_KEY_UIApplicationSceneManifest_Generation = YES;
				INFOPLIST_KEY_UIApplicationSupportsIndirectInputEvents = YES;
				INFOPLIST_KEY_UILaunchScreen_Generation = YES;
				INFOPLIST_KEY_UISupportedInterfaceOrientations_iPad = "UIInterfaceOrientationPortrait UIInterfaceOrientationPortraitUpsideDown UIInterfaceOrientationLandscapeLeft UIInterfaceOrientationLandscapeRight";
				INFOPLIST_KEY_UISupportedInterfaceOrientations_iPhone = "UIInterfaceOrientationPortrait UIInterfaceOrientationLandscapeLeft UIInterfaceOrientationLandscapeRight";
				LD_RUNPATH_SEARCH_PATHS = (
					"$(inherited)",
					"@executable_path/Frameworks",
				);
				MARKETING_VERSION = 1.0;
				PRODUCT_BUNDLE_IDENTIFIER = code.with.cal.SweaterShopDemo;
				PRODUCT_NAME = "$(TARGET_NAME)";
				SWIFT_EMIT_LOC_STRINGS = YES;
				SWIFT_VERSION = 5.0;
				TARGETED_DEVICE_FAMILY = "1,2";
			};
			name = Debug;
		};
		006A33C82AEA4A3B00306822 /* Release */ = {
			isa = XCBuildConfiguration;
			buildSettings = {
				ASSETCATALOG_COMPILER_APPICON_NAME = AppIcon;
				ASSETCATALOG_COMPILER_GLOBAL_ACCENT_COLOR_NAME = AccentColor;
				CODE_SIGN_STYLE = Automatic;
				CURRENT_PROJECT_VERSION = 1;
				DEVELOPMENT_ASSET_PATHS = "\"SweaterShopDemo/Preview Content\"";
				DEVELOPMENT_TEAM = CL454DM2WX;
				ENABLE_PREVIEWS = YES;
				GENERATE_INFOPLIST_FILE = YES;
				INFOPLIST_KEY_UIApplicationSceneManifest_Generation = YES;
				INFOPLIST_KEY_UIApplicationSupportsIndirectInputEvents = YES;
				INFOPLIST_KEY_UILaunchScreen_Generation = YES;
				INFOPLIST_KEY_UISupportedInterfaceOrientations_iPad = "UIInterfaceOrientationPortrait UIInterfaceOrientationPortraitUpsideDown UIInterfaceOrientationLandscapeLeft UIInterfaceOrientationLandscapeRight";
				INFOPLIST_KEY_UISupportedInterfaceOrientations_iPhone = "UIInterfaceOrientationPortrait UIInterfaceOrientationLandscapeLeft UIInterfaceOrientationLandscapeRight";
				LD_RUNPATH_SEARCH_PATHS = (
					"$(inherited)",
					"@executable_path/Frameworks",
				);
				MARKETING_VERSION = 1.0;
				PRODUCT_BUNDLE_IDENTIFIER = code.with.cal.SweaterShopDemo;
				PRODUCT_NAME = "$(TARGET_NAME)";
				SWIFT_EMIT_LOC_STRINGS = YES;
				SWIFT_VERSION = 5.0;
				TARGETED_DEVICE_FAMILY = "1,2";
			};
			name = Release;
		};
/* End XCBuildConfiguration section */

/* Begin XCConfigurationList section */
		006A33B32AEA4A3700306822 /* Build configuration list for PBXProject "SweaterShopDemo" */ = {
			isa = XCConfigurationList;
			buildConfigurations = (
				006A33C42AEA4A3B00306822 /* Debug */,
				006A33C52AEA4A3B00306822 /* Release */,
			);
			defaultConfigurationIsVisible = 0;
			defaultConfigurationName = Release;
		};
		006A33C62AEA4A3B00306822 /* Build configuration list for PBXNativeTarget "SweaterShopDemo" */ = {
			isa = XCConfigurationList;
			buildConfigurations = (
				006A33C72AEA4A3B00306822 /* Debug */,
				006A33C82AEA4A3B00306822 /* Release */,
			);
			defaultConfigurationIsVisible = 0;
			defaultConfigurationName = Release;
		};
/* End XCConfigurationList section */
	};
	rootObject = 006A33B02AEA4A3700306822 /* Project object */;
}
